
Microsoft Visual Studio Solution File, Format Version 12.00
# Visual Studio Version 17
VisualStudioVersion = 17.9.34616.47
MinimumVisualStudioVersion = 10.0.40219.1
Project("{9A19103F-16F7-4668-BE54-9A1E7A4F7556}") = "EtaAnnouncer", "EtaAnnouncer.csproj", "{2DC275C0-714D-48F9-B50A-1FEDD5D1CA1C}"
EndProject
Global
	GlobalSection(SolutionConfigurationPlatforms) = preSolution
		Debug|Any CPU = Debug|Any CPU
		Release|Any CPU = Release|Any CPU
	EndGlobalSection
	GlobalSection(ProjectConfigurationPlatforms) = postSolution
		{2DC275C0-714D-48F9-B50A-1FEDD5D1CA1C}.Debug|Any CPU.ActiveCfg = Debug|Any CPU
		{2DC275C0-714D-48F9-B50A-1FEDD5D1CA1C}.Debug|Any CPU.Build.0 = Debug|Any CPU
		{2DC275C0-714D-48F9-B50A-1FEDD5D1CA1C}.Release|Any CPU.ActiveCfg = Release|Any CPU
		{2DC275C0-714D-48F9-B50A-1FEDD5D1CA1C}.Release|Any CPU.Build.0 = Release|Any CPU
	EndGlobalSection
	GlobalSection(SolutionProperties) = preSolution
		HideSolutionNode = FALSE
	EndGlobalSection
	GlobalSection(ExtensibilityGlobals) = postSolution
		SolutionGuid = {D66230F5-805B-471F-923D-5C4335B7FD4A}
	EndGlobalSection
EndGlobal
